{
    "_meta": {
        "hash": {
            "sha256": "17d8cc1637e0f71832a16415f486b8e97ee1f5f8705989a80f9536746745f9a3"
        },
        "pipfile-spec": 6,
        "requires": {
            "python_version": "3.7"
        },
        "sources": [
            {
                "name": "pypi",
                "url": "https://pypi.org/simple",
                "verify_ssl": true
            }
        ]
    },
    "default": {
        "attrs": {
            "hashes": [
                "sha256:08a96c641c3a74e44eb59afb61a24f2cb9f4d7188748e76ba4bb5edfa3cb7d1c",
                "sha256:f7b7ce16570fe9965acd6d30101a28f62fb4a7f9e926b3bbc9b61f8b04247e72"
            ],
            "markers": "python_version >= '2.7' and python_version not in '3.0, 3.1, 3.2, 3.3'",
            "version": "==19.3.0"
        },
        "aws-cdk.assets": {
            "hashes": [
                "sha256:61fe75c700a6ab25d3df01911ee0ad808123414755efbc53960ad3baf2a3ee2e",
                "sha256:d3e16dabb7df70844aefa1f96a2e3200398c18c0cb2778e72bee74b9a1cfbc1c"
            ],
            "markers": "python_version >= '3.6'",
            "version": "==1.46.0"
        },
        "aws-cdk.aws-apigateway": {
            "hashes": [
                "sha256:994b7db69c5e09e0eb42c918ea1f49b58a966538e0524a083a9d75b133332cb4",
                "sha256:d5669036ce336468922ee38a7b3f33f82881bae5d81e3495951fa85226c8a23c"
            ],
            "index": "pypi",
            "version": "==1.46.0"
        },
        "aws-cdk.aws-applicationautoscaling": {
            "hashes": [
                "sha256:5226080b0377dde1c59918bb626edc413811f022689d8fe0ce7d716d6ae4eb11",
                "sha256:83fb6128a53c27395a889b0070afd5476d38a82f89d48e6774f5e95706896db0"
            ],
            "markers": "python_version >= '3.6'",
            "version": "==1.46.0"
        },
        "aws-cdk.aws-autoscaling": {
            "hashes": [
                "sha256:08cba1aff1569bbffe54e86142fd50f2fdbfb6ff29e6803a9c544fb1a93e213b",
                "sha256:ebc4e186972306db88120d320c0e1214d12a8809729ea07db47849ae471e6b52"
            ],
            "markers": "python_version >= '3.6'",
            "version": "==1.46.0"
        },
        "aws-cdk.aws-autoscaling-common": {
            "hashes": [
                "sha256:1e847be5e31330f837fdfbcb7621a1e4dcf13e0ec487e967eb132579a00eef8c",
                "sha256:ded52511a7788400c7508887ff5282f7fcbc5775cab963438fbc4a4cde6efcff"
            ],
            "markers": "python_version >= '3.6'",
            "version": "==1.46.0"
        },
        "aws-cdk.aws-autoscaling-hooktargets": {
            "hashes": [
                "sha256:788469402180cd15dc4c0d298c3853e7b3e9347cfa37f7f81d1b4450c1fe4dfd",
                "sha256:8c79ccdb456109e90e097715baaff42a5c5ca4ccc6c46bd1c5232f302b7526f3"
            ],
            "markers": "python_version >= '3.6'",
            "version": "==1.46.0"
        },
        "aws-cdk.aws-batch": {
            "hashes": [
                "sha256:3fbdf9ea4749b9a2adb6992b7b27bcd04a9880730f4b764479000ff35117017b",
                "sha256:6358db46e1eaee991f2244b164b849e73452a07aa2da43200e8112d3fcdcbe07"
            ],
            "markers": "python_version >= '3.6'",
            "version": "==1.46.0"
        },
        "aws-cdk.aws-certificatemanager": {
            "hashes": [
                "sha256:c6f3a9555bd86be5630a23b304c36fa01ae137a65a918fb3af8f66ac7106e841",
                "sha256:ecde63e7f32b6d95fb7855b59a1d449e6c0d831e47d9b23fbf67b0c4bf35ad42"
            ],
            "markers": "python_version >= '3.6'",
            "version": "==1.46.0"
        },
        "aws-cdk.aws-cloudformation": {
            "hashes": [
                "sha256:5ae1de58275473a59352b22474dc7686f501047b22c8ded5b2b24f175285b47c",
                "sha256:d39f9fce8556c72d7fa9e7cf2545b31350939bf864a0c9e7eb46795fc72ae61d"
            ],
            "markers": "python_version >= '3.6'",
            "version": "==1.46.0"
        },
        "aws-cdk.aws-cloudfront": {
            "hashes": [
                "sha256:08e9c32623385dcd781c4ca392fad56615c2fc7822a421bcc2cc61b41f05e558",
                "sha256:1aec6ededdb5bb844c2a1df9f621bc0dc2f7d0f49ffc11c90b1be626bb23ff0b"
            ],
            "markers": "python_version >= '3.6'",
            "version": "==1.46.0"
        },
        "aws-cdk.aws-cloudwatch": {
            "hashes": [
                "sha256:50f8d5dca1598deb62c0039b4c0d51e1eec65ba057c49b88919ad0f57e96a505",
                "sha256:a46d1f8626a35a257a95138cd12332acaf120482a9cf178bfa12659a90b862f7"
            ],
            "markers": "python_version >= '3.6'",
            "version": "==1.46.0"
        },
        "aws-cdk.aws-codebuild": {
            "hashes": [
                "sha256:03c261f59cf9c86b115e5c77b7f2e0b7f30a1d71a6d4742c5f10d51e3b1c645d",
                "sha256:80c5f621c56718b61acf2fc6128210a99e17e2afb0fc36ffd4632d07baffe407"
            ],
            "markers": "python_version >= '3.6'",
            "version": "==1.46.0"
        },
        "aws-cdk.aws-codecommit": {
            "hashes": [
                "sha256:5ce67ed3ae7402baae7d0ff515adcda7caa46a6314d6dcae1806cb02bf724bc1",
                "sha256:c0e54a1b60048b9b726e68648ce9559431b5bc5ae73eb49d6897d550a74dd47f"
            ],
            "markers": "python_version >= '3.6'",
            "version": "==1.46.0"
        },
        "aws-cdk.aws-codepipeline": {
            "hashes": [
                "sha256:270dcb63cb58fb9a5dfec32d19a36b25807186fa31d807b581faddba363d4104",
                "sha256:a56de13b39966daf1bb17f63d080211bfe3f4f24280c175c55d185bb00b288c4"
            ],
            "markers": "python_version >= '3.6'",
            "version": "==1.46.0"
        },
        "aws-cdk.aws-cognito": {
            "hashes": [
                "sha256:d81a0ba97b289c8a59e829f3001f9ad3845c043a6403babdd8c7fe51b32b6c96",
                "sha256:eb50d24b44228a075888e46d3bc3a5450662163bbac1de204308cdce512dbd7c"
            ],
            "markers": "python_version >= '3.6'",
            "version": "==1.46.0"
        },
        "aws-cdk.aws-dynamodb": {
            "hashes": [
                "sha256:9a852ed890a156ce6f03fa97c6bcdd5a76258844caf517bcc0275ca8a1f3cf82",
                "sha256:a8ce1217754ba9a41e2f41318551e95465eec4278174923c287e5a597b772b9d"
            ],
            "index": "pypi",
            "version": "==1.46.0"
        },
        "aws-cdk.aws-ec2": {
            "hashes": [
                "sha256:30bffb9f7c7da5491b3c2c01322562dc50b1c0d07843d40cb53c1fe1d9df100e",
                "sha256:37f26793e6fffe2b4446de8f56873a736c19abede131f0ae5680e9647d0882ad"
            ],
            "index": "pypi",
            "version": "==1.46.0"
        },
        "aws-cdk.aws-ecr": {
            "hashes": [
                "sha256:4b29b5053534fa3e9070bfd7a945f08f92adcaad395f0490953648e35f7956df",
                "sha256:6c3c1957bf5815dd567673fa2040e40df06cff957ae9fc2679d3df5d508e9eaa"
            ],
            "markers": "python_version >= '3.6'",
            "version": "==1.46.0"
        },
        "aws-cdk.aws-ecr-assets": {
            "hashes": [
                "sha256:0c79e99f991939e0c8b18818d352bffb2f74cd2f616be2f23ecd75c3cf7d4c27",
                "sha256:9d753eb2653d85c480d75b31bd7f2da82aceae7bf7cd9032190ab014c0d8d151"
            ],
            "markers": "python_version >= '3.6'",
            "version": "==1.46.0"
        },
        "aws-cdk.aws-ecs": {
            "hashes": [
                "sha256:cbdc4eaa369a487894a33be51f43cfc5a793488d458c0cf6ae06e60a5800f953",
                "sha256:e104fdcf95baa84bd9b2cc53e737a2ce11db0e8b6fe22ad296cd36bbeb10a734"
            ],
            "markers": "python_version >= '3.6'",
            "version": "==1.46.0"
        },
        "aws-cdk.aws-elasticloadbalancing": {
            "hashes": [
                "sha256:370517a142000757bb7c451e8ed329f0f27f6a68dff0685a075ba53528028484",
                "sha256:ceca3c1b2c12a233441d2f85053db40d50923bbb4c0c1519af571069f9b416ff"
            ],
            "markers": "python_version >= '3.6'",
            "version": "==1.46.0"
        },
        "aws-cdk.aws-elasticloadbalancingv2": {
            "hashes": [
                "sha256:1ec92a8749ab76724a3bc65e18be9ed63ee0b57fdff9a5736d37be48e7606e81",
                "sha256:c8f291077dadedf34db9b43f0a7274c30d85b71aac5b4986debafee27debb522"
            ],
            "markers": "python_version >= '3.6'",
            "version": "==1.46.0"
        },
        "aws-cdk.aws-events": {
            "hashes": [
                "sha256:436322b7684b695050ee055f4ac2c9b37db3c38479077e31ef0296fee09f2819",
                "sha256:ece9aa770300e515300edc80caaaf917883340d02adb9e7aef73045e6d2e786b"
            ],
            "index": "pypi",
            "version": "==1.46.0"
        },
        "aws-cdk.aws-events-targets": {
            "hashes": [
                "sha256:f0b690c6a948ee6010574a5f4a7341c811f8c5c3a772ffe92933a55ec9ce15ef",
                "sha256:fea3ef380e94f3e1a1c0fb5ca8c6e3349b72e92f1db867c9b4b2a5762152b1fe"
            ],
            "index": "pypi",
            "version": "==1.46.0"
        },
        "aws-cdk.aws-iam": {
            "hashes": [
                "sha256:51d92c6d89fc013b409012c75971fd2a55831a485783d67e5e31e699d5de122c",
                "sha256:e58837a7d623c05c38ffc83f7a5498a1de0963290004d2505b810305e510ad59"
            ],
            "index": "pypi",
            "version": "==1.46.0"
        },
        "aws-cdk.aws-kinesis": {
            "hashes": [
                "sha256:c061596373699e8c6d3ca82a418e34f99bc2a662097f30114fb576ad5cd68f7e",
                "sha256:cb79de30fa67039a155245544486dee6d5f6291653317f6b6c926c448690ebe5"
            ],
            "markers": "python_version >= '3.6'",
            "version": "==1.46.0"
        },
        "aws-cdk.aws-kms": {
            "hashes": [
                "sha256:19e783bc215d8a488c9ec4ba0027fde8b03e4e63814a4ce6ed851cd41a931a83",
                "sha256:1c54d3e216995d5a54f2d3c695355475cde327735021de5a53b6dbe13722ba01"
            ],
            "index": "pypi",
            "version": "==1.46.0"
        },
        "aws-cdk.aws-lambda": {
            "hashes": [
                "sha256:a39551f29ba11027344e045477cb4df134a3c404f8494bf6cd0aee9c883ede81",
                "sha256:b0c6a9219caba9c378533070ae68f31347db0b0ad6776873e79a22fcf2f52b27"
            ],
            "index": "pypi",
            "version": "==1.46.0"
        },
        "aws-cdk.aws-logs": {
            "hashes": [
                "sha256:715289ab496ad40b59d2d90e66d79ddfab8cb5984be3af593b1c84f87b428c05",
                "sha256:f55f15ae703f6b4f6a6bd0c3af4b5dfa5434939d64cd5a893ac135b4f69638ba"
            ],
            "index": "pypi",
            "version": "==1.46.0"
        },
        "aws-cdk.aws-route53": {
            "hashes": [
                "sha256:0ea6acf1d9cef57d1bf84a5ac7706d109f7580a79dd304fdf3162a75aebec9c4",
                "sha256:be905cdfde92451b6203dfd3fd4e28bca634383c5e8020f522f3d92850a81234"
            ],
            "markers": "python_version >= '3.6'",
            "version": "==1.46.0"
        },
        "aws-cdk.aws-route53-targets": {
            "hashes": [
                "sha256:8516adc89e145911434351844be23e26a4ee72a22c38bab7763b3a470d2ae06d",
                "sha256:85866892262d886d7d04d3a7fbd3cd197c2345d41f4cd7517e7c834423a29142"
            ],
            "markers": "python_version >= '3.6'",
            "version": "==1.46.0"
        },
        "aws-cdk.aws-s3": {
            "hashes": [
                "sha256:b35b12f8cb6976e32d70e8a318bd99558b3eba12491c3714418482c638c30433",
                "sha256:f6c19d0687d4e86b9b2f4a101c8c408d3c60c8985e66dab3c93edfeb75d0166e"
            ],
            "index": "pypi",
            "version": "==1.46.0"
        },
        "aws-cdk.aws-s3-assets": {
            "hashes": [
                "sha256:217658ec6e6fd281797e1caebfbfd2c738ae4710bf48f2af51f0b88184906c1d",
                "sha256:31d60d959fc8a68fa3706910aac417d8000bb0640dc995dafdd89b0cc4c78107"
            ],
            "markers": "python_version >= '3.6'",
            "version": "==1.46.0"
        },
        "aws-cdk.aws-sam": {
            "hashes": [
                "sha256:7f09c810d8a9db375fb9faa04111a7175280dd20bf0ec3ea31ae94deb5158bfb",
                "sha256:94d6f2ea5208fe4a3ac6697efe183ab7044d43bedd1d454d585262228168c6c8"
            ],
            "markers": "python_version >= '3.6'",
            "version": "==1.46.0"
        },
        "aws-cdk.aws-secretsmanager": {
            "hashes": [
                "sha256:1fac212a154a6f94820041374c93af067d26dee41c0a54dccc715cf5d1e85509",
                "sha256:5ac235eebc54ec96e9db5e56828cd1fc8f0448f6cddaf400f73fa9f92640c9af"
            ],
            "index": "pypi",
            "version": "==1.46.0"
        },
        "aws-cdk.aws-servicediscovery": {
            "hashes": [
                "sha256:1bd202e612cd0d71f75c098d2899a88e5d0ac29b3594a18aa1d95ccc3c35af74",
                "sha256:d65c73440568f91f72b3eeb9d0c82813ab09e32c7395ea4b60ae1f1c7f7b1215"
            ],
            "markers": "python_version >= '3.6'",
            "version": "==1.46.0"
        },
        "aws-cdk.aws-sns": {
            "hashes": [
                "sha256:32b436983edbae956cd3cc67e75571822184aa0e953a7dca09d7c2d82c398d65",
                "sha256:68ecc23af98fdd0ded64b453be9b95227624ad933c77eb6fe7ee13721ef96291"
            ],
            "index": "pypi",
            "version": "==1.46.0"
        },
        "aws-cdk.aws-sns-subscriptions": {
            "hashes": [
                "sha256:ba5a421bab4f7d1911ccd4352d70647cf7d8c989aed5fb3cd9b4cc52325dd36d",
                "sha256:c82d67b31b9024fbfe0eb79dd8d2478d95784167115aa4841fd64e3fdaf4aebf"
            ],
            "index": "pypi",
            "version": "==1.46.0"
        },
        "aws-cdk.aws-sqs": {
            "hashes": [
                "sha256:32233c01761a6395aba3a3c00bd264c335f9c45c0c21adc0129976b679fd2f34",
                "sha256:67ca10de923a8c5ef0261056a8b70d8f3e790b6e3123a236d97cfe1e3c29b3ad"
            ],
            "index": "pypi",
            "version": "==1.46.0"
        },
        "aws-cdk.aws-ssm": {
            "hashes": [
                "sha256:53b15ee2c631ff9abb185ace79987c95b55206e72eb901b636faf7a4994a8a72",
                "sha256:7a22581ab329f58e4dfe5b849bae6e738f98f61c9dd4b93262944a4a640ebf76"
            ],
            "index": "pypi",
            "version": "==1.46.0"
        },
        "aws-cdk.aws-stepfunctions": {
            "hashes": [
                "sha256:1c7a48905774d8ef600d36133a76855a6110c5df11a58caa137a5a8f6ddd012a",
                "sha256:49568a4037f45c2196a6fbff45b76bc93c3d2a74e67d18331277fbd03e5ca7c5"
            ],
            "markers": "python_version >= '3.6'",
            "version": "==1.46.0"
        },
        "aws-cdk.cdk-assets-schema": {
            "hashes": [
                "sha256:2105160dc73223bdd63a6c009911c495662956e69f338db067ba89a2bed42c58",
                "sha256:39aedc9e144bbe32cd8321ecbb1629c1fe08b7a62a6bc1a8293926db883404f1"
            ],
            "markers": "python_version >= '3.6'",
            "version": "==1.46.0"
        },
        "aws-cdk.cloud-assembly-schema": {
            "hashes": [
                "sha256:1ff6257bf34d1cec63733b6984a21396850cce957afcafe7494f76e488be1b65",
                "sha256:dcc4d291e8acc2b2f3c962d1011d64ebc6060c6be7c39c53b69c7f0d7db6b9b8"
            ],
            "markers": "python_version >= '3.6'",
            "version": "==1.46.0"
        },
        "aws-cdk.core": {
            "hashes": [
                "sha256:1e21a00648524d73a5ca217eefd4309b711c0b9add63bc7d952f1ee996b28327",
                "sha256:dbdf8b6e3f7a091e3fd32762811438d12d82b43a938163769a2affff3185d0bb"
            ],
            "index": "pypi",
            "version": "==1.46.0"
        },
        "aws-cdk.custom-resources": {
            "hashes": [
                "sha256:357e9b3105d05d320179705f56514898780c057e943c4c3d24a53bb0189eda7d",
                "sha256:dc50931f39879e2f4bea80b76efd09568f5d32a9dd71550f8a4b80991f0c21bd"
            ],
            "markers": "python_version >= '3.6'",
            "version": "==1.46.0"
        },
        "aws-cdk.cx-api": {
            "hashes": [
                "sha256:7cb6169905372c33b9ba9a53cd200ded5d021d0e76d9414c900748c66a097704",
                "sha256:d962d68023306fa8081913954338a48a98e63b1bfe64de57162e216075b1a52d"
            ],
            "markers": "python_version >= '3.6'",
            "version": "==1.46.0"
        },
        "aws-cdk.region-info": {
            "hashes": [
                "sha256:10ab61ab184e4cd1deece23f95e38edfdf36d08afe09b2b506b7fa9980e1fb7b",
                "sha256:c562efc24802bcaf785787148e8101554664ccf1f366492f1d8b35152c0719f5"
            ],
            "markers": "python_version >= '3.6'",
            "version": "==1.46.0"
        },
        "boto3": {
            "hashes": [
                "sha256:185f7b36c16f76e501d8dfc5cd209113426e078e4968dd13cc355c916bc99597",
                "sha256:51243ba0e976343ca0b98bb4a15fc3d588526220f6ba45bfed7ea45472b1e033"
            ],
            "index": "pypi",
            "version": "==1.14.9"
        },
        "botocore": {
            "hashes": [
                "sha256:7dd59bc766d567ca83bc6113aa139d92ba447738ccdfcd40788848553d329a52",
                "sha256:cd4bb2d96ff2ec6bf4fbcdb2f241d0fb6ba1e7955b4721cf1d81f13db02768b6"
            ],
            "version": "==1.17.9"
        },
        "cattrs": {
            "hashes": [
                "sha256:616972ae3dfa6e623a40ad3cb845420e64942989152774ab055e5c2b2f89f997",
                "sha256:b7ab5cf8ad127c42eefd01410c1c6e28569a45a255ea80ed968511873c433c7a"
            ],
            "version": "==1.0.0"
        },
        "constructs": {
            "hashes": [
                "sha256:ba2e0c3ff46e08095307ba45e9dcbe2e16599c2761ca661c62024121fb331cb9",
                "sha256:ce96789470fe6a05c3ba168f6fbf4bd41e6daa01b62731bb7728941ce1d3312a"
            ],
            "markers": "python_version >= '3.6'",
            "version": "==3.0.3"
        },
        "docutils": {
            "hashes": [
                "sha256:6c4f696463b79f1fb8ba0c594b63840ebd41f059e92b31957c46b74a4599b6d0",
                "sha256:9e4d7ecfc600058e07ba661411a2b7de2fd0fafa17d1a7f7361cd47b1175c827",
                "sha256:a2aeea129088da402665e92e0b25b04b073c04b2dce4ab65caaa38b7ce2e1a99"
            ],
            "markers": "python_version >= '2.6' and python_version not in '3.0, 3.1, 3.2'",
            "version": "==0.15.2"
        },
        "jmespath": {
            "hashes": [
                "sha256:b85d0567b8666149a93172712e68920734333c0ce7e89b78b3e987f71e5ed4f9",
                "sha256:cdf6525904cc597730141d61b36f2e4b8ecc257c420fa2f4549bac2c2d0cb72f"
            ],
            "markers": "python_version >= '2.6' and python_version not in '3.0, 3.1, 3.2'",
            "version": "==0.10.0"
        },
        "jsii": {
            "hashes": [
                "sha256:8370d39bcb881f4083d9b7c8e73e316e0e1476bc8da400179366d0f7f480fe7c",
                "sha256:87b15bbf48e17a7ee901b17fea76512db5990391e8eb171bf1d6bbd150f1ce99"
            ],
            "markers": "python_version >= '3.6'",
            "version": "==1.7.0"
        },
        "publication": {
            "hashes": [
                "sha256:0248885351febc11d8a1098d5c8e3ab2dabcf3e8c0c96db1e17ecd12b53afbe6",
                "sha256:68416a0de76dddcdd2930d1c8ef853a743cc96c82416c4e4d3b5d901c6276dc4"
            ],
            "version": "==0.0.3"
        },
        "python-dateutil": {
            "hashes": [
                "sha256:73ebfe9dbf22e832286dafa60473e4cd239f8592f699aa5adaf10050e6e1823c",
                "sha256:75bb3f31ea686f1197762692a9ee6a7550b59fc6ca3a1f4b5d7e32fb98e2da2a"
            ],
            "markers": "python_version >= '2.7' and python_version not in '3.0, 3.1, 3.2'",
            "version": "==2.8.1"
        },
        "s3transfer": {
            "hashes": [
                "sha256:2482b4259524933a022d59da830f51bd746db62f047d6eb213f2f8855dcb8a13",
                "sha256:921a37e2aefc64145e7b73d50c71bb4f26f46e4c9f414dc648c6245ff92cf7db"
            ],
            "version": "==0.3.3"
        },
        "six": {
            "hashes": [
                "sha256:30639c035cdb23534cd4aa2dd52c3bf48f06e5f4a941509c8bafd8ce11080259",
                "sha256:8b74bedcbbbaca38ff6d7491d76f2b06b3592611af620f8426e82dddb04a5ced"
            ],
            "markers": "python_version >= '2.7' and python_version not in '3.0, 3.1, 3.2'",
            "version": "==1.15.0"
        },
        "typing-extensions": {
            "hashes": [
                "sha256:6e95524d8a547a91e08f404ae485bbb71962de46967e1b71a0cb89af24e761c5",
                "sha256:79ee589a3caca649a9bfd2a8de4709837400dfa00b6cc81962a1e6a1815969ae",
                "sha256:f8d2bd89d25bc39dabe7d23df520442fa1d8969b82544370e03d88b5a591c392"
            ],
            "version": "==3.7.4.2"
        },
        "urllib3": {
            "hashes": [
                "sha256:3018294ebefce6572a474f0604c2021e33b3fd8006ecd11d62107a5d2a963527",
                "sha256:88206b0eb87e6d677d424843ac5209e3fb9d0190d0ee169599165ec25e9d9115"
            ],
            "markers": "python_version != '3.4'",
            "version": "==1.25.9"
        }
    },
    "develop": {
        "appdirs": {
            "hashes": [
                "sha256:7d5d0167b2b1ba821647616af46a749d1c653740dd0d2415100fe26e27afdf41",
                "sha256:a841dacd6b99318a741b166adb07e19ee71a274450e68237b4650ca1055ab128"
            ],
            "version": "==1.4.4"
        },
        "astroid": {
            "hashes": [
                "sha256:2f4078c2a41bf377eea06d71c9d2ba4eb8f6b1af2135bec27bbbb7d8f12bb703",
                "sha256:bc58d83eb610252fd8de6363e39d4f1d0619c894b0ed24603b881c02e64c7386"
            ],
            "markers": "python_version >= '3.5'",
            "version": "==2.4.2"
        },
        "attrs": {
            "hashes": [
                "sha256:08a96c641c3a74e44eb59afb61a24f2cb9f4d7188748e76ba4bb5edfa3cb7d1c",
                "sha256:f7b7ce16570fe9965acd6d30101a28f62fb4a7f9e926b3bbc9b61f8b04247e72"
            ],
            "markers": "python_version >= '2.7' and python_version not in '3.0, 3.1, 3.2, 3.3'",
            "version": "==19.3.0"
        },
        "backcall": {
            "hashes": [
                "sha256:5cbdbf27be5e7cfadb448baf0aa95508f91f2bbc6c6437cd9cd06e2a4c215e1e",
                "sha256:fbbce6a29f263178a1f7915c1940bde0ec2b2a967566fe1c65c1dfb7422bd255"
            ],
            "version": "==0.2.0"
        },
        "black": {
            "hashes": [
                "sha256:1b30e59be925fafc1ee4565e5e08abef6b03fe455102883820fe5ee2e4734e0b",
                "sha256:c2edb73a08e9e0e6f65a0e6af18b059b8b1cdd5bef997d7a0b181df93dc81539"
            ],
            "index": "pypi",
            "version": "==19.10b0"
        },
        "click": {
            "hashes": [
                "sha256:d2b5255c7c6349bc1bd1e59e08cd12acbbd63ce649f2588755783aa94dfb6b1a",
                "sha256:dacca89f4bfadd5de3d7489b7c8a566eee0d3676333fbb50030263894c38c0dc"
            ],
            "markers": "python_version >= '2.7' and python_version not in '3.0, 3.1, 3.2, 3.3, 3.4'",
            "version": "==7.1.2"
        },
        "decorator": {
            "hashes": [
                "sha256:41fa54c2a0cc4ba648be4fd43cff00aedf5b9465c9bf18d64325bc225f08f760",
                "sha256:e3a62f0520172440ca0dcc823749319382e377f37f140a0b99ef45fecb84bfe7"
            ],
            "version": "==4.4.2"
        },
        "ipdb": {
            "hashes": [
                "sha256:d6f46d261c45a65e65a2f7ec69288a1c511e16206edb2875e7ec6b2f66997e78"
            ],
            "index": "pypi",
            "version": "==0.13.3"
        },
        "ipython": {
            "hashes": [
                "sha256:0ef1433879816a960cd3ae1ae1dc82c64732ca75cec8dab5a4e29783fb571d0e",
                "sha256:1b85d65632211bf5d3e6f1406f3393c8c429a47d7b947b9a87812aa5bce6595c"
            ],
            "markers": "python_version >= '3.6'",
            "version": "==7.15.0"
        },
        "ipython-genutils": {
            "hashes": [
                "sha256:72dd37233799e619666c9f639a9da83c34013a73e8bbc79a7a6348d93c61fab8",
                "sha256:eb2e116e75ecef9d4d228fdc66af54269afa26ab4463042e33785b887c628ba8"
            ],
            "version": "==0.2.0"
        },
        "isort": {
            "hashes": [
                "sha256:54da7e92468955c4fceacd0c86bd0ec997b0e1ee80d97f67c35a78b719dccab1",
                "sha256:6e811fcb295968434526407adb8796944f1988c5b65e8139058f2014cbe100fd"
            ],
            "markers": "python_version >= '2.7' and python_version not in '3.0, 3.1, 3.2, 3.3'",
            "version": "==4.3.21"
        },
        "jedi": {
            "hashes": [
                "sha256:1ddb0ec78059e8e27ec9eb5098360b4ea0a3dd840bedf21415ea820c21b40a22",
                "sha256:807d5d4f96711a2bcfdd5dfa3b1ae6d09aa53832b182090b222b5efb81f52f63"
            ],
            "markers": "python_version >= '2.7' and python_version not in '3.0, 3.1, 3.2, 3.3, 3.4'",
            "version": "==0.17.1"
        },
        "lazy-object-proxy": {
            "hashes": [
                "sha256:0c4b206227a8097f05c4dbdd323c50edf81f15db3b8dc064d08c62d37e1a504d",
                "sha256:194d092e6f246b906e8f70884e620e459fc54db3259e60cf69a4d66c3fda3449",
                "sha256:1be7e4c9f96948003609aa6c974ae59830a6baecc5376c25c92d7d697e684c08",
                "sha256:4677f594e474c91da97f489fea5b7daa17b5517190899cf213697e48d3902f5a",
                "sha256:48dab84ebd4831077b150572aec802f303117c8cc5c871e182447281ebf3ac50",
                "sha256:5541cada25cd173702dbd99f8e22434105456314462326f06dba3e180f203dfd",
                "sha256:59f79fef100b09564bc2df42ea2d8d21a64fdcda64979c0fa3db7bdaabaf6239",
                "sha256:8d859b89baf8ef7f8bc6b00aa20316483d67f0b1cbf422f5b4dc56701c8f2ffb",
                "sha256:9254f4358b9b541e3441b007a0ea0764b9d056afdeafc1a5569eee1cc6c1b9ea",
                "sha256:9651375199045a358eb6741df3e02a651e0330be090b3bc79f6d0de31a80ec3e",
                "sha256:97bb5884f6f1cdce0099f86b907aa41c970c3c672ac8b9c8352789e103cf3156",
                "sha256:9b15f3f4c0f35727d3a0fba4b770b3c4ebbb1fa907dbcc046a1d2799f3edd142",
                "sha256:a2238e9d1bb71a56cd710611a1614d1194dc10a175c1e08d75e1a7bcc250d442",
                "sha256:a6ae12d08c0bf9909ce12385803a543bfe99b95fe01e752536a60af2b7797c62",
                "sha256:ca0a928a3ddbc5725be2dd1cf895ec0a254798915fb3a36af0964a0a4149e3db",
                "sha256:cb2c7c57005a6804ab66f106ceb8482da55f5314b7fcb06551db1edae4ad1531",
                "sha256:d74bb8693bf9cf75ac3b47a54d716bbb1a92648d5f781fc799347cfc95952383",
                "sha256:d945239a5639b3ff35b70a88c5f2f491913eb94871780ebfabb2568bd58afc5a",
                "sha256:eba7011090323c1dadf18b3b689845fd96a61ba0a1dfbd7f24b921398affc357",
                "sha256:efa1909120ce98bbb3777e8b6f92237f5d5c8ea6758efea36a473e1d38f7d3e4",
                "sha256:f3900e8a5de27447acbf900b4750b0ddfd7ec1ea7fbaf11dfa911141bc522af0"
            ],
            "markers": "python_version >= '2.7' and python_version not in '3.0, 3.1, 3.2, 3.3'",
            "version": "==1.4.3"
        },
        "mccabe": {
            "hashes": [
                "sha256:ab8a6258860da4b6677da4bd2fe5dc2c659cff31b3ee4f7f5d64e79735b80d42",
                "sha256:dd8d182285a0fe56bace7f45b5e7d1a6ebcbf524e8f3bd87eb0f125271b8831f"
            ],
            "version": "==0.6.1"
        },
        "parso": {
            "hashes": [
                "sha256:158c140fc04112dc45bca311633ae5033c2c2a7b732fa33d0955bad8152a8dd0",
                "sha256:908e9fae2144a076d72ae4e25539143d40b8e3eafbaeae03c1bfe226f4cdf12c"
            ],
            "markers": "python_version >= '2.7' and python_version not in '3.0, 3.1, 3.2, 3.3'",
            "version": "==0.7.0"
        },
        "pathspec": {
            "hashes": [
                "sha256:7d91249d21749788d07a2d0f94147accd8f845507400749ea19c1ec9054a12b0",
                "sha256:da45173eb3a6f2a5a487efba21f050af2b41948be6ab52b6a1e3ff22bb8b7061"
            ],
            "version": "==0.8.0"
        },
        "pexpect": {
            "hashes": [
                "sha256:0b48a55dcb3c05f3329815901ea4fc1537514d6ba867a152b581d69ae3710937",
                "sha256:fc65a43959d153d0114afe13997d439c22823a27cefceb5ff35c2178c6784c0c"
            ],
            "markers": "sys_platform != 'win32'",
            "version": "==4.8.0"
        },
        "pickleshare": {
            "hashes": [
                "sha256:87683d47965c1da65cdacaf31c8441d12b8044cdec9aca500cd78fc2c683afca",
                "sha256:9649af414d74d4df115d5d718f82acb59c9d418196b7b4290ed47a12ce62df56"
            ],
            "version": "==0.7.5"
        },
        "prompt-toolkit": {
            "hashes": [
                "sha256:563d1a4140b63ff9dd587bda9557cffb2fe73650205ab6f4383092fb882e7dc8",
                "sha256:df7e9e63aea609b1da3a65641ceaf5bc7d05e0a04de5bd45d05dbeffbabf9e04"
            ],
            "markers": "python_full_version >= '3.6.1'",
            "version": "==3.0.5"
        },
        "ptyprocess": {
            "hashes": [
                "sha256:923f299cc5ad920c68f2bc0bc98b75b9f838b93b599941a6b63ddbc2476394c0",
                "sha256:d7cc528d76e76342423ca640335bd3633420dc1366f258cb31d05e865ef5ca1f"
            ],
            "version": "==0.6.0"
        },
        "pygments": {
            "hashes": [
                "sha256:647344a061c249a3b74e230c739f434d7ea4d8b1d5f3721bc0f3558049b38f44",
                "sha256:ff7a40b4860b727ab48fad6360eb351cc1b33cbf9b15a0f689ca5353e9463324"
            ],
            "markers": "python_version >= '3.5'",
            "version": "==2.6.1"
        },
        "pylint": {
            "hashes": [
                "sha256:7dd78437f2d8d019717dbf287772d0b2dbdfd13fc016aa7faa08d67bccc46adc",
                "sha256:d0ece7d223fe422088b0e8f13fa0a1e8eb745ebffcb8ed53d3e95394b6101a1c"
            ],
            "index": "pypi",
            "version": "==2.5.3"
        },
        "regex": {
            "hashes": [
                "sha256:08997a37b221a3e27d68ffb601e45abfb0093d39ee770e4257bd2f5115e8cb0a",
                "sha256:112e34adf95e45158c597feea65d06a8124898bdeac975c9087fe71b572bd938",
                "sha256:1700419d8a18c26ff396b3b06ace315b5f2a6e780dad387e4c48717a12a22c29",
                "sha256:2f6f211633ee8d3f7706953e9d3edc7ce63a1d6aad0be5dcee1ece127eea13ae",
                "sha256:52e1b4bef02f4040b2fd547357a170fc1146e60ab310cdbdd098db86e929b387",
                "sha256:55b4c25cbb3b29f8d5e63aeed27b49fa0f8476b0d4e1b3171d85db891938cc3a",
                "sha256:5aaa5928b039ae440d775acea11d01e42ff26e1561c0ffcd3d805750973c6baf",
                "sha256:654cb773b2792e50151f0e22be0f2b6e1c3a04c5328ff1d9d59c0398d37ef610",
                "sha256:690f858d9a94d903cf5cada62ce069b5d93b313d7d05456dbcd99420856562d9",
                "sha256:6ad8663c17db4c5ef438141f99e291c4d4edfeaacc0ce28b5bba2b0bf273d9b5",
                "sha256:89cda1a5d3e33ec9e231ece7307afc101b5217523d55ef4dc7fb2abd6de71ba3",
                "sha256:92d8a043a4241a710c1cf7593f5577fbb832cf6c3a00ff3fc1ff2052aff5dd89",
                "sha256:95fa7726d073c87141f7bbfb04c284901f8328e2d430eeb71b8ffdd5742a5ded",
                "sha256:97712e0d0af05febd8ab63d2ef0ab2d0cd9deddf4476f7aa153f76feef4b2754",
                "sha256:b2ba0f78b3ef375114856cbdaa30559914d081c416b431f2437f83ce4f8b7f2f",
                "sha256:bae83f2a56ab30d5353b47f9b2a33e4aac4de9401fb582b55c42b132a8ac3868",
                "sha256:c78e66a922de1c95a208e4ec02e2e5cf0bb83a36ceececc10a72841e53fbf2bd",
                "sha256:cf59bbf282b627130f5ba68b7fa3abdb96372b24b66bdf72a4920e8153fc7910",
                "sha256:e3cdc9423808f7e1bb9c2e0bdb1c9dc37b0607b30d646ff6faf0d4e41ee8fee3",
                "sha256:e9b64e609d37438f7d6e68c2546d2cb8062f3adb27e6336bc129b51be20773ac",
                "sha256:fbff901c54c22425a5b809b914a3bfaf4b9570eee0e5ce8186ac71eb2025191c"
            ],
            "version": "==2020.6.8"
        },
        "six": {
            "hashes": [
                "sha256:30639c035cdb23534cd4aa2dd52c3bf48f06e5f4a941509c8bafd8ce11080259",
                "sha256:8b74bedcbbbaca38ff6d7491d76f2b06b3592611af620f8426e82dddb04a5ced"
            ],
            "markers": "python_version >= '2.7' and python_version not in '3.0, 3.1, 3.2'",
            "version": "==1.15.0"
        },
        "toml": {
            "hashes": [
                "sha256:926b612be1e5ce0634a2ca03470f95169cf16f939018233a670519cb4ac58b0f",
                "sha256:bda89d5935c2eac546d648028b9901107a595863cb36bae0c73ac804a9b4ce88"
            ],
            "version": "==0.10.1"
        },
        "traitlets": {
            "hashes": [
                "sha256:70b4c6a1d9019d7b4f6846832288f86998aa3b9207c6821f3578a6a6a467fe44",
                "sha256:d023ee369ddd2763310e4c3eae1ff649689440d4ae59d7485eb4cfbbe3e359f7"
            ],
            "version": "==4.3.3"
        },
        "typed-ast": {
            "hashes": [
                "sha256:0666aa36131496aed8f7be0410ff974562ab7eeac11ef351def9ea6fa28f6355",
                "sha256:0c2c07682d61a629b68433afb159376e24e5b2fd4641d35424e462169c0a7919",
                "sha256:249862707802d40f7f29f6e1aad8d84b5aa9e44552d2cc17384b209f091276aa",
                "sha256:24995c843eb0ad11a4527b026b4dde3da70e1f2d8806c99b7b4a7cf491612652",
                "sha256:269151951236b0f9a6f04015a9004084a5ab0d5f19b57de779f908621e7d8b75",
                "sha256:4083861b0aa07990b619bd7ddc365eb7fa4b817e99cf5f8d9cf21a42780f6e01",
                "sha256:498b0f36cc7054c1fead3d7fc59d2150f4d5c6c56ba7fb150c013fbc683a8d2d",
                "sha256:4e3e5da80ccbebfff202a67bf900d081906c358ccc3d5e3c8aea42fdfdfd51c1",
                "sha256:6daac9731f172c2a22ade6ed0c00197ee7cc1221aa84cfdf9c31defeb059a907",
                "sha256:715ff2f2df46121071622063fc7543d9b1fd19ebfc4f5c8895af64a77a8c852c",
                "sha256:73d785a950fc82dd2a25897d525d003f6378d1cb23ab305578394694202a58c3",
                "sha256:8c8aaad94455178e3187ab22c8b01a3837f8ee50e09cf31f1ba129eb293ec30b",
                "sha256:8ce678dbaf790dbdb3eba24056d5364fb45944f33553dd5869b7580cdbb83614",
                "sha256:aaee9905aee35ba5905cfb3c62f3e83b3bec7b39413f0a7f19be4e547ea01ebb",
                "sha256:bcd3b13b56ea479b3650b82cabd6b5343a625b0ced5429e4ccad28a8973f301b",
                "sha256:c9e348e02e4d2b4a8b2eedb48210430658df6951fa484e59de33ff773fbd4b41",
                "sha256:d205b1b46085271b4e15f670058ce182bd1199e56b317bf2ec004b6a44f911f6",
                "sha256:d43943ef777f9a1c42bf4e552ba23ac77a6351de620aa9acf64ad54933ad4d34",
                "sha256:d5d33e9e7af3b34a40dc05f498939f0ebf187f07c385fd58d591c533ad8562fe",
                "sha256:fc0fea399acb12edbf8a628ba8d2312f583bdbdb3335635db062fa98cf71fca4",
                "sha256:fe460b922ec15dd205595c9b5b99e2f056fd98ae8f9f56b888e7a17dc2b757e7"
            ],
            "markers": "implementation_name == 'cpython' and python_version < '3.8'",
            "version": "==1.4.1"
        },
        "wcwidth": {
            "hashes": [
                "sha256:beb4802a9cebb9144e99086eff703a642a13d6a0052920003a230f3294bbe784",
                "sha256:c4d647b99872929fdb7bdcaa4fbe7f01413ed3d98077df798530e5b04f116c83"
            ],
            "version": "==0.2.5"
        },
        "wrapt": {
            "hashes": [
                "sha256:b62ffa81fb85f4332a4f609cab4ac40709470da05643a082ec1eb88e6d9b97d7"
            ],
            "version": "==1.12.1"
        }
    }
}
